// !$*UTF8*$!
{
	archiveVersion = 1;
	classes = {
	};
	objectVersion = 46;
	objects = {

/* Begin PBXBuildFile section */
		4C12E4D614ED0822002BF07A /* Factory Hall.wav in Resources */ = {isa = PBXBuildFile; fileRef = 4C12E4D514ED0822002BF07A /* Factory Hall.wav */; };
		4C12E4E214ED0962002BF07A /* Accelerate.framework in Frameworks */ = {isa = PBXBuildFile; fileRef = 4C12E4E114ED0962002BF07A /* Accelerate.framework */; };
		4C215CEF1523A7D500D36CAD /* Foundation.framework in Frameworks */ = {isa = PBXBuildFile; fileRef = 4C215CEE1523A7D500D36CAD /* Foundation.framework */; };
		4C215CFE1523A83700D36CAD /* Foundation.framework in Frameworks */ = {isa = PBXBuildFile; fileRef = 4C215CEE1523A7D500D36CAD /* Foundation.framework */; };
		4C215D081523A8E500D36CAD /* AEAudioController.m in Sources */ = {isa = PBXBuildFile; fileRef = 4CAD56811516281D003CE861 /* AEAudioController.m */; };
		4C215D091523A8E500D36CAD /* AEAudioFilePlayer.m in Sources */ = {isa = PBXBuildFile; fileRef = 4CAD56AA15163488003CE861 /* AEAudioFilePlayer.m */; };
		4C215D0A1523A8E500D36CAD /* AEUtilities.c in Sources */ = {isa = PBXBuildFile; fileRef = 4C12CC99151D1EDA00562E2A /* AEUtilities.c */; };
		4C215D0C1523A8E500D36CAD /* TPCircularBuffer.c in Sources */ = {isa = PBXBuildFile; fileRef = 4C9D6E26151925A00043A340 /* TPCircularBuffer.c */; };
		4C215D0D1523A8E600D36CAD /* AEAudioController.m in Sources */ = {isa = PBXBuildFile; fileRef = 4CAD56811516281D003CE861 /* AEAudioController.m */; };
		4C215D0E1523A8E600D36CAD /* AEAudioFilePlayer.m in Sources */ = {isa = PBXBuildFile; fileRef = 4CAD56AA15163488003CE861 /* AEAudioFilePlayer.m */; };
		4C215D0F1523A8E600D36CAD /* AEUtilities.c in Sources */ = {isa = PBXBuildFile; fileRef = 4C12CC99151D1EDA00562E2A /* AEUtilities.c */; };
		4C215D101523A8E600D36CAD /* AETrialModeController.m in Sources */ = {isa = PBXBuildFile; fileRef = 4CAD56851516281D003CE861 /* AETrialModeController.m */; };
		4C215D111523A8E600D36CAD /* TPCircularBuffer.c in Sources */ = {isa = PBXBuildFile; fileRef = 4C9D6E26151925A00043A340 /* TPCircularBuffer.c */; };
		4C215D121523A94200D36CAD /* TheAmazingAudioEngine.h in Headers */ = {isa = PBXBuildFile; fileRef = 4CAD569315162822003CE861 /* TheAmazingAudioEngine.h */; settings = {ATTRIBUTES = (Public, ); }; };
		4C215D131523A94200D36CAD /* AEAudioController.h in Headers */ = {isa = PBXBuildFile; fileRef = 4CAD56801516281D003CE861 /* AEAudioController.h */; settings = {ATTRIBUTES = (Public, ); }; };
		4C215D141523A94200D36CAD /* AEAudioFilePlayer.h in Headers */ = {isa = PBXBuildFile; fileRef = 4CAD56A915163488003CE861 /* AEAudioFilePlayer.h */; settings = {ATTRIBUTES = (Public, ); }; };
		4C215D151523A94200D36CAD /* AEUtilities.h in Headers */ = {isa = PBXBuildFile; fileRef = 4C12CC98151D1EDA00562E2A /* AEUtilities.h */; settings = {ATTRIBUTES = (Public, ); }; };
		4C215D181523A9FA00D36CAD /* libTheAmazingAudioEngine.a in Frameworks */ = {isa = PBXBuildFile; fileRef = 4C215CEC1523A7D500D36CAD /* libTheAmazingAudioEngine.a */; };
		4C34874D14E9A7EB00301A09 /* AudioToolbox.framework in Frameworks */ = {isa = PBXBuildFile; fileRef = 4C34874C14E9A7EB00301A09 /* AudioToolbox.framework */; };
		4C34877314E9B7A400301A09 /* caitlin.caf in Resources */ = {isa = PBXBuildFile; fileRef = 4C34877114E9B7A400301A09 /* caitlin.caf */; };
		4C34877414E9B7A400301A09 /* congaloop.caf in Resources */ = {isa = PBXBuildFile; fileRef = 4C34877214E9B7A400301A09 /* congaloop.caf */; };
		4C34877914EA699300301A09 /* dmxbeat.aiff in Resources */ = {isa = PBXBuildFile; fileRef = 4C34877814EA699300301A09 /* dmxbeat.aiff */; };
		4C34877B14EA841000301A09 /* lead.aif in Resources */ = {isa = PBXBuildFile; fileRef = 4C34877A14EA841000301A09 /* lead.aif */; };
		4C38DC521545840E009F4454 /* AERecorder.m in Sources */ = {isa = PBXBuildFile; fileRef = 4C38DC511545840E009F4454 /* AERecorder.m */; };
		4C38DC5515458AB1009F4454 /* AEAudioFileWriter.h in Headers */ = {isa = PBXBuildFile; fileRef = 4C38DC5315458AB1009F4454 /* AEAudioFileWriter.h */; settings = {ATTRIBUTES = (Public, ); }; };
		4C38DC5615458AB1009F4454 /* AEAudioFileWriter.h in Headers */ = {isa = PBXBuildFile; fileRef = 4C38DC5315458AB1009F4454 /* AEAudioFileWriter.h */; settings = {ATTRIBUTES = (Public, ); }; };
		4C38DC5715458AB1009F4454 /* AEAudioFileWriter.m in Sources */ = {isa = PBXBuildFile; fileRef = 4C38DC5415458AB1009F4454 /* AEAudioFileWriter.m */; };
		4C38DC5815458AB1009F4454 /* AEAudioFileWriter.m in Sources */ = {isa = PBXBuildFile; fileRef = 4C38DC5415458AB1009F4454 /* AEAudioFileWriter.m */; };
		4C49FE32153DC21A008725E0 /* AEAudioFileLoaderOperation.h in Headers */ = {isa = PBXBuildFile; fileRef = 4C49FE30153DC21A008725E0 /* AEAudioFileLoaderOperation.h */; settings = {ATTRIBUTES = (Public, ); }; };
		4C49FE33153DC21A008725E0 /* AEAudioFileLoaderOperation.h in Headers */ = {isa = PBXBuildFile; fileRef = 4C49FE30153DC21A008725E0 /* AEAudioFileLoaderOperation.h */; settings = {ATTRIBUTES = (Public, ); }; };
		4C49FE34153DC21A008725E0 /* AEAudioFileLoaderOperation.m in Sources */ = {isa = PBXBuildFile; fileRef = 4C49FE31153DC21A008725E0 /* AEAudioFileLoaderOperation.m */; };
		4C49FE35153DC21A008725E0 /* AEAudioFileLoaderOperation.m in Sources */ = {isa = PBXBuildFile; fileRef = 4C49FE31153DC21A008725E0 /* AEAudioFileLoaderOperation.m */; };
		4C5C511C14EA9D790012D39E /* TPOscilloscopeLayer.m in Sources */ = {isa = PBXBuildFile; fileRef = 4C5C511914EA9D790012D39E /* TPOscilloscopeLayer.m */; };
		4C5C511F14EAA39D0012D39E /* QuartzCore.framework in Frameworks */ = {isa = PBXBuildFile; fileRef = 4C5C511E14EAA39D0012D39E /* QuartzCore.framework */; };
		4C80196114F919B00003EFB3 /* TPDoubleSpeedFilter.m in Sources */ = {isa = PBXBuildFile; fileRef = 4C80196014F919B00003EFB3 /* TPDoubleSpeedFilter.m */; };
		4CA689B41541F05A00AF8DDD /* AEMixerBuffer.m in Sources */ = {isa = PBXBuildFile; fileRef = 4C8A0F3E1540BBD300307CB6 /* AEMixerBuffer.m */; };
		4CA689B51541F05D00AF8DDD /* AELimiter.m in Sources */ = {isa = PBXBuildFile; fileRef = 4CA689B21541EF4A00AF8DDD /* AELimiter.m */; };
		4CA689BA1541F54200AF8DDD /* TPCircularBuffer.c in Sources */ = {isa = PBXBuildFile; fileRef = 4CA689B61541F54200AF8DDD /* TPCircularBuffer.c */; };
		4CA689BB1541F54200AF8DDD /* TPCircularBuffer+AudioBufferList.c in Sources */ = {isa = PBXBuildFile; fileRef = 4CA689B81541F54200AF8DDD /* TPCircularBuffer+AudioBufferList.c */; };
		4CA689BE1542D4FE00AF8DDD /* AELimiterFilter.m in Sources */ = {isa = PBXBuildFile; fileRef = 4CA689BD1542D4FE00AF8DDD /* AELimiterFilter.m */; };
		4CA689C11542DC8C00AF8DDD /* AEPlaythroughChannel.m in Sources */ = {isa = PBXBuildFile; fileRef = 4CA689C01542DC8C00AF8DDD /* AEPlaythroughChannel.m */; };
		4CA689C515447E3100AF8DDD /* AEExpanderFilter.m in Sources */ = {isa = PBXBuildFile; fileRef = 4CA689C415447E3100AF8DDD /* AEExpanderFilter.m */; };
		4CA7EE81152456B200630345 /* TheAmazingAudioEngine.h in Headers */ = {isa = PBXBuildFile; fileRef = 4CAD569315162822003CE861 /* TheAmazingAudioEngine.h */; settings = {ATTRIBUTES = (Public, ); }; };
		4CA7EE82152456B200630345 /* AEAudioController.h in Headers */ = {isa = PBXBuildFile; fileRef = 4CAD56801516281D003CE861 /* AEAudioController.h */; settings = {ATTRIBUTES = (Public, ); }; };
		4CA7EE83152456B200630345 /* AEAudioFilePlayer.h in Headers */ = {isa = PBXBuildFile; fileRef = 4CAD56A915163488003CE861 /* AEAudioFilePlayer.h */; settings = {ATTRIBUTES = (Public, ); }; };
		4CA7EE84152456B200630345 /* AEUtilities.h in Headers */ = {isa = PBXBuildFile; fileRef = 4C12CC98151D1EDA00562E2A /* AEUtilities.h */; settings = {ATTRIBUTES = (Public, ); }; };
		4CAD2F7014E9A3BF00656553 /* UIKit.framework in Frameworks */ = {isa = PBXBuildFile; fileRef = 4CAD2F6F14E9A3BF00656553 /* UIKit.framework */; };
		4CAD2F7214E9A3BF00656553 /* Foundation.framework in Frameworks */ = {isa = PBXBuildFile; fileRef = 4CAD2F7114E9A3BF00656553 /* Foundation.framework */; };
		4CAD2F7414E9A3BF00656553 /* CoreGraphics.framework in Frameworks */ = {isa = PBXBuildFile; fileRef = 4CAD2F7314E9A3BF00656553 /* CoreGraphics.framework */; };
		4CAD2F9214E9A40000656553 /* TPAppDelegate.m in Sources */ = {isa = PBXBuildFile; fileRef = 4CAD2F8F14E9A40000656553 /* TPAppDelegate.m */; };
		4CAD2F9314E9A40000656553 /* TPViewController.m in Sources */ = {isa = PBXBuildFile; fileRef = 4CAD2F9114E9A40000656553 /* TPViewController.m */; };
		4CAD2F9814E9A41200656553 /* main.m in Sources */ = {isa = PBXBuildFile; fileRef = 4CAD2F9614E9A41200656553 /* main.m */; };
		4CBD02DF1523391200053E43 /* Icon-72.png in Resources */ = {isa = PBXBuildFile; fileRef = 4CBD02DC1523391200053E43 /* Icon-72.png */; };
		4CBD02E01523391200053E43 /* Icon.png in Resources */ = {isa = PBXBuildFile; fileRef = 4CBD02DD1523391200053E43 /* Icon.png */; };
		4CBD02E11523391200053E43 /* Icon@2x.png in Resources */ = {isa = PBXBuildFile; fileRef = 4CBD02DE1523391200053E43 /* Icon@2x.png */; };
/* End PBXBuildFile section */

/* Begin PBXContainerItemProxy section */
		4C215D161523A9F300D36CAD /* PBXContainerItemProxy */ = {
			isa = PBXContainerItemProxy;
			containerPortal = 4CE501831493F82600F23607 /* Project object */;
			proxyType = 1;
			remoteGlobalIDString = 4C215CEB1523A7D500D36CAD;
			remoteInfo = TheAmazingAudioEngine;
		};
/* End PBXContainerItemProxy section */

/* Begin PBXFileReference section */
		4C12CC98151D1EDA00562E2A /* AEUtilities.h */ = {isa = PBXFileReference; fileEncoding = 4; lastKnownFileType = sourcecode.c.h; path = AEUtilities.h; sourceTree = "<group>"; };
		4C12CC99151D1EDA00562E2A /* AEUtilities.c */ = {isa = PBXFileReference; fileEncoding = 4; lastKnownFileType = sourcecode.c.c; path = AEUtilities.c; sourceTree = "<group>"; };
		4C12E4D514ED0822002BF07A /* Factory Hall.wav */ = {isa = PBXFileReference; lastKnownFileType = audio.wav; name = "Factory Hall.wav"; path = "TheAmazingAudioEngine/Test Suite/Factory Hall.wav"; sourceTree = SOURCE_ROOT; };
		4C12E4E114ED0962002BF07A /* Accelerate.framework */ = {isa = PBXFileReference; lastKnownFileType = wrapper.framework; name = Accelerate.framework; path = System/Library/Frameworks/Accelerate.framework; sourceTree = SDKROOT; };
		4C215CEC1523A7D500D36CAD /* libTheAmazingAudioEngine.a */ = {isa = PBXFileReference; explicitFileType = archive.ar; includeInIndex = 0; path = libTheAmazingAudioEngine.a; sourceTree = BUILT_PRODUCTS_DIR; };
		4C215CEE1523A7D500D36CAD /* Foundation.framework */ = {isa = PBXFileReference; lastKnownFileType = wrapper.framework; name = Foundation.framework; path = System/Library/Frameworks/Foundation.framework; sourceTree = SDKROOT; };
		4C215CFD1523A83700D36CAD /* libTheAmazingAudioEngineTrial.a */ = {isa = PBXFileReference; explicitFileType = archive.ar; includeInIndex = 0; path = libTheAmazingAudioEngineTrial.a; sourceTree = BUILT_PRODUCTS_DIR; };
		4C34874C14E9A7EB00301A09 /* AudioToolbox.framework */ = {isa = PBXFileReference; lastKnownFileType = wrapper.framework; name = AudioToolbox.framework; path = System/Library/Frameworks/AudioToolbox.framework; sourceTree = SDKROOT; };
		4C34877114E9B7A400301A09 /* caitlin.caf */ = {isa = PBXFileReference; lastKnownFileType = file; name = caitlin.caf; path = "TheAmazingAudioEngine/Test Suite/caitlin.caf"; sourceTree = SOURCE_ROOT; };
		4C34877214E9B7A400301A09 /* congaloop.caf */ = {isa = PBXFileReference; lastKnownFileType = file; name = congaloop.caf; path = "TheAmazingAudioEngine/Test Suite/congaloop.caf"; sourceTree = SOURCE_ROOT; };
		4C34877814EA699300301A09 /* dmxbeat.aiff */ = {isa = PBXFileReference; lastKnownFileType = audio.aiff; name = dmxbeat.aiff; path = "TheAmazingAudioEngine/Test Suite/dmxbeat.aiff"; sourceTree = SOURCE_ROOT; };
		4C34877A14EA841000301A09 /* lead.aif */ = {isa = PBXFileReference; lastKnownFileType = file; name = lead.aif; path = "TheAmazingAudioEngine/Test Suite/lead.aif"; sourceTree = SOURCE_ROOT; };
		4C38DC501545840E009F4454 /* AERecorder.h */ = {isa = PBXFileReference; fileEncoding = 4; lastKnownFileType = sourcecode.c.h; name = AERecorder.h; path = Modules/AERecorder.h; sourceTree = SOURCE_ROOT; };
		4C38DC511545840E009F4454 /* AERecorder.m */ = {isa = PBXFileReference; fileEncoding = 4; lastKnownFileType = sourcecode.c.objc; name = AERecorder.m; path = Modules/AERecorder.m; sourceTree = SOURCE_ROOT; };
		4C38DC5315458AB1009F4454 /* AEAudioFileWriter.h */ = {isa = PBXFileReference; fileEncoding = 4; lastKnownFileType = sourcecode.c.h; path = AEAudioFileWriter.h; sourceTree = "<group>"; };
		4C38DC5415458AB1009F4454 /* AEAudioFileWriter.m */ = {isa = PBXFileReference; fileEncoding = 4; lastKnownFileType = sourcecode.c.objc; path = AEAudioFileWriter.m; sourceTree = "<group>"; };
		4C49FE30153DC21A008725E0 /* AEAudioFileLoaderOperation.h */ = {isa = PBXFileReference; fileEncoding = 4; lastKnownFileType = sourcecode.c.h; path = AEAudioFileLoaderOperation.h; sourceTree = "<group>"; };
		4C49FE31153DC21A008725E0 /* AEAudioFileLoaderOperation.m */ = {isa = PBXFileReference; fileEncoding = 4; lastKnownFileType = sourcecode.c.objc; path = AEAudioFileLoaderOperation.m; sourceTree = "<group>"; };
		4C5C511814EA9D790012D39E /* TPOscilloscopeLayer.h */ = {isa = PBXFileReference; fileEncoding = 4; lastKnownFileType = sourcecode.c.h; name = TPOscilloscopeLayer.h; path = "TheAmazingAudioEngine/Test Suite/TPOscilloscopeLayer.h"; sourceTree = SOURCE_ROOT; };
		4C5C511914EA9D790012D39E /* TPOscilloscopeLayer.m */ = {isa = PBXFileReference; fileEncoding = 4; lastKnownFileType = sourcecode.c.objc; name = TPOscilloscopeLayer.m; path = "TheAmazingAudioEngine/Test Suite/TPOscilloscopeLayer.m"; sourceTree = SOURCE_ROOT; };
		4C5C511E14EAA39D0012D39E /* QuartzCore.framework */ = {isa = PBXFileReference; lastKnownFileType = wrapper.framework; name = QuartzCore.framework; path = System/Library/Frameworks/QuartzCore.framework; sourceTree = SDKROOT; };
		4C80195F14F919B00003EFB3 /* TPDoubleSpeedFilter.h */ = {isa = PBXFileReference; fileEncoding = 4; lastKnownFileType = sourcecode.c.h; name = TPDoubleSpeedFilter.h; path = "TheAmazingAudioEngine/Test Suite/TPDoubleSpeedFilter.h"; sourceTree = SOURCE_ROOT; };
		4C80196014F919B00003EFB3 /* TPDoubleSpeedFilter.m */ = {isa = PBXFileReference; fileEncoding = 4; lastKnownFileType = sourcecode.c.objc; name = TPDoubleSpeedFilter.m; path = "TheAmazingAudioEngine/Test Suite/TPDoubleSpeedFilter.m"; sourceTree = SOURCE_ROOT; };
		4C8A0F3D1540BBD300307CB6 /* AEMixerBuffer.h */ = {isa = PBXFileReference; lastKnownFileType = sourcecode.c.h; name = AEMixerBuffer.h; path = Modules/AEMixerBuffer.h; sourceTree = "<group>"; };
		4C8A0F3E1540BBD300307CB6 /* AEMixerBuffer.m */ = {isa = PBXFileReference; lastKnownFileType = sourcecode.c.objc; name = AEMixerBuffer.m; path = Modules/AEMixerBuffer.m; sourceTree = "<group>"; };
		4C9D6E26151925A00043A340 /* TPCircularBuffer.c */ = {isa = PBXFileReference; fileEncoding = 4; lastKnownFileType = sourcecode.c.c; path = TPCircularBuffer.c; sourceTree = "<group>"; };
		4C9D6E27151925A10043A340 /* TPCircularBuffer.h */ = {isa = PBXFileReference; fileEncoding = 4; lastKnownFileType = sourcecode.c.h; path = TPCircularBuffer.h; sourceTree = "<group>"; };
		4CA689B11541EF4A00AF8DDD /* AELimiter.h */ = {isa = PBXFileReference; lastKnownFileType = sourcecode.c.h; name = AELimiter.h; path = Modules/AELimiter.h; sourceTree = "<group>"; };
		4CA689B21541EF4A00AF8DDD /* AELimiter.m */ = {isa = PBXFileReference; lastKnownFileType = sourcecode.c.objc; name = AELimiter.m; path = Modules/AELimiter.m; sourceTree = "<group>"; };
		4CA689B61541F54200AF8DDD /* TPCircularBuffer.c */ = {isa = PBXFileReference; fileEncoding = 4; lastKnownFileType = sourcecode.c.c; name = TPCircularBuffer.c; path = Modules/TPCircularBuffer.c; sourceTree = "<group>"; };
		4CA689B71541F54200AF8DDD /* TPCircularBuffer.h */ = {isa = PBXFileReference; fileEncoding = 4; lastKnownFileType = sourcecode.c.h; name = TPCircularBuffer.h; path = Modules/TPCircularBuffer.h; sourceTree = "<group>"; };
		4CA689B81541F54200AF8DDD /* TPCircularBuffer+AudioBufferList.c */ = {isa = PBXFileReference; fileEncoding = 4; lastKnownFileType = sourcecode.c.c; name = "TPCircularBuffer+AudioBufferList.c"; path = "Modules/TPCircularBuffer+AudioBufferList.c"; sourceTree = "<group>"; };
		4CA689B91541F54200AF8DDD /* TPCircularBuffer+AudioBufferList.h */ = {isa = PBXFileReference; fileEncoding = 4; lastKnownFileType = sourcecode.c.h; name = "TPCircularBuffer+AudioBufferList.h"; path = "Modules/TPCircularBuffer+AudioBufferList.h"; sourceTree = "<group>"; };
		4CA689BC1542D4FE00AF8DDD /* AELimiterFilter.h */ = {isa = PBXFileReference; fileEncoding = 4; lastKnownFileType = sourcecode.c.h; name = AELimiterFilter.h; path = Modules/AELimiterFilter.h; sourceTree = "<group>"; };
		4CA689BD1542D4FE00AF8DDD /* AELimiterFilter.m */ = {isa = PBXFileReference; fileEncoding = 4; lastKnownFileType = sourcecode.c.objc; name = AELimiterFilter.m; path = Modules/AELimiterFilter.m; sourceTree = "<group>"; };
		4CA689BF1542DC8C00AF8DDD /* AEPlaythroughChannel.h */ = {isa = PBXFileReference; fileEncoding = 4; lastKnownFileType = sourcecode.c.h; name = AEPlaythroughChannel.h; path = Modules/AEPlaythroughChannel.h; sourceTree = "<group>"; };
		4CA689C01542DC8C00AF8DDD /* AEPlaythroughChannel.m */ = {isa = PBXFileReference; fileEncoding = 4; lastKnownFileType = sourcecode.c.objc; name = AEPlaythroughChannel.m; path = Modules/AEPlaythroughChannel.m; sourceTree = "<group>"; };
		4CA689C315447E3100AF8DDD /* AEExpanderFilter.h */ = {isa = PBXFileReference; fileEncoding = 4; lastKnownFileType = sourcecode.c.h; name = AEExpanderFilter.h; path = Modules/AEExpanderFilter.h; sourceTree = "<group>"; };
		4CA689C415447E3100AF8DDD /* AEExpanderFilter.m */ = {isa = PBXFileReference; fileEncoding = 4; lastKnownFileType = sourcecode.c.objc; name = AEExpanderFilter.m; path = Modules/AEExpanderFilter.m; sourceTree = "<group>"; };
		4CAD2F6C14E9A3BF00656553 /* Test Suite.app */ = {isa = PBXFileReference; explicitFileType = wrapper.application; includeInIndex = 0; path = "Test Suite.app"; sourceTree = BUILT_PRODUCTS_DIR; };
		4CAD2F6F14E9A3BF00656553 /* UIKit.framework */ = {isa = PBXFileReference; lastKnownFileType = wrapper.framework; name = UIKit.framework; path = System/Library/Frameworks/UIKit.framework; sourceTree = SDKROOT; };
		4CAD2F7114E9A3BF00656553 /* Foundation.framework */ = {isa = PBXFileReference; lastKnownFileType = wrapper.framework; name = Foundation.framework; path = System/Library/Frameworks/Foundation.framework; sourceTree = SDKROOT; };
		4CAD2F7314E9A3BF00656553 /* CoreGraphics.framework */ = {isa = PBXFileReference; lastKnownFileType = wrapper.framework; name = CoreGraphics.framework; path = System/Library/Frameworks/CoreGraphics.framework; sourceTree = SDKROOT; };
		4CAD2F8E14E9A40000656553 /* TPAppDelegate.h */ = {isa = PBXFileReference; fileEncoding = 4; lastKnownFileType = sourcecode.c.h; name = TPAppDelegate.h; path = "TheAmazingAudioEngine/Test Suite/TPAppDelegate.h"; sourceTree = SOURCE_ROOT; };
		4CAD2F8F14E9A40000656553 /* TPAppDelegate.m */ = {isa = PBXFileReference; fileEncoding = 4; lastKnownFileType = sourcecode.c.objc; name = TPAppDelegate.m; path = "TheAmazingAudioEngine/Test Suite/TPAppDelegate.m"; sourceTree = SOURCE_ROOT; };
		4CAD2F9014E9A40000656553 /* TPViewController.h */ = {isa = PBXFileReference; fileEncoding = 4; lastKnownFileType = sourcecode.c.h; name = TPViewController.h; path = "TheAmazingAudioEngine/Test Suite/TPViewController.h"; sourceTree = SOURCE_ROOT; };
		4CAD2F9114E9A40000656553 /* TPViewController.m */ = {isa = PBXFileReference; fileEncoding = 4; lastKnownFileType = sourcecode.c.objc; name = TPViewController.m; path = "TheAmazingAudioEngine/Test Suite/TPViewController.m"; sourceTree = SOURCE_ROOT; };
		4CAD2F9414E9A41200656553 /* Test Suite-Info.plist */ = {isa = PBXFileReference; fileEncoding = 4; lastKnownFileType = text.plist.xml; name = "Test Suite-Info.plist"; path = "TheAmazingAudioEngine/Test Suite/Test Suite-Info.plist"; sourceTree = SOURCE_ROOT; };
		4CAD2F9514E9A41200656553 /* Test Suite-Prefix.pch */ = {isa = PBXFileReference; fileEncoding = 4; lastKnownFileType = sourcecode.c.h; name = "Test Suite-Prefix.pch"; path = "TheAmazingAudioEngine/Test Suite/Test Suite-Prefix.pch"; sourceTree = SOURCE_ROOT; };
		4CAD2F9614E9A41200656553 /* main.m */ = {isa = PBXFileReference; fileEncoding = 4; lastKnownFileType = sourcecode.c.objc; name = main.m; path = "TheAmazingAudioEngine/Test Suite/main.m"; sourceTree = SOURCE_ROOT; };
		4CAD56801516281D003CE861 /* AEAudioController.h */ = {isa = PBXFileReference; fileEncoding = 4; lastKnownFileType = sourcecode.c.h; path = AEAudioController.h; sourceTree = "<group>"; };
		4CAD56811516281D003CE861 /* AEAudioController.m */ = {isa = PBXFileReference; fileEncoding = 4; lastKnownFileType = sourcecode.c.objc; path = AEAudioController.m; sourceTree = "<group>"; };
		4CAD56841516281D003CE861 /* AETrialModeController.h */ = {isa = PBXFileReference; fileEncoding = 4; lastKnownFileType = sourcecode.c.h; path = AETrialModeController.h; sourceTree = "<group>"; };
		4CAD56851516281D003CE861 /* AETrialModeController.m */ = {isa = PBXFileReference; fileEncoding = 4; lastKnownFileType = sourcecode.c.objc; path = AETrialModeController.m; sourceTree = "<group>"; };
		4CAD569315162822003CE861 /* TheAmazingAudioEngine.h */ = {isa = PBXFileReference; fileEncoding = 4; lastKnownFileType = sourcecode.c.h; path = TheAmazingAudioEngine.h; sourceTree = "<group>"; };
		4CAD56A915163488003CE861 /* AEAudioFilePlayer.h */ = {isa = PBXFileReference; fileEncoding = 4; lastKnownFileType = sourcecode.c.h; path = AEAudioFilePlayer.h; sourceTree = "<group>"; };
		4CAD56AA15163488003CE861 /* AEAudioFilePlayer.m */ = {isa = PBXFileReference; fileEncoding = 4; lastKnownFileType = sourcecode.c.objc; path = AEAudioFilePlayer.m; sourceTree = "<group>"; };
		4CBD02DC1523391200053E43 /* Icon-72.png */ = {isa = PBXFileReference; lastKnownFileType = image.png; name = "Icon-72.png"; path = "TheAmazingAudioEngine/Test Suite/Icon-72.png"; sourceTree = SOURCE_ROOT; };
		4CBD02DD1523391200053E43 /* Icon.png */ = {isa = PBXFileReference; lastKnownFileType = image.png; name = Icon.png; path = "TheAmazingAudioEngine/Test Suite/Icon.png"; sourceTree = SOURCE_ROOT; };
		4CBD02DE1523391200053E43 /* Icon@2x.png */ = {isa = PBXFileReference; lastKnownFileType = image.png; name = "Icon@2x.png"; path = "TheAmazingAudioEngine/Test Suite/Icon@2x.png"; sourceTree = SOURCE_ROOT; };
		4CE501971493F82600F23607 /* TheAmazingAudioEngine-Prefix.pch */ = {isa = PBXFileReference; lastKnownFileType = sourcecode.c.h; path = "TheAmazingAudioEngine-Prefix.pch"; sourceTree = "<group>"; };
/* End PBXFileReference section */

/* Begin PBXFrameworksBuildPhase section */
		4C215CE91523A7D500D36CAD /* Frameworks */ = {
			isa = PBXFrameworksBuildPhase;
			buildActionMask = 2147483647;
			files = (
				4C215CEF1523A7D500D36CAD /* Foundation.framework in Frameworks */,
			);
			runOnlyForDeploymentPostprocessing = 0;
		};
		4C215CFA1523A83700D36CAD /* Frameworks */ = {
			isa = PBXFrameworksBuildPhase;
			buildActionMask = 2147483647;
			files = (
				4C215CFE1523A83700D36CAD /* Foundation.framework in Frameworks */,
			);
			runOnlyForDeploymentPostprocessing = 0;
		};
		4CAD2F6914E9A3BF00656553 /* Frameworks */ = {
			isa = PBXFrameworksBuildPhase;
			buildActionMask = 2147483647;
			files = (
				4C215D181523A9FA00D36CAD /* libTheAmazingAudioEngine.a in Frameworks */,
				4C12E4E214ED0962002BF07A /* Accelerate.framework in Frameworks */,
				4C5C511F14EAA39D0012D39E /* QuartzCore.framework in Frameworks */,
				4C34874D14E9A7EB00301A09 /* AudioToolbox.framework in Frameworks */,
				4CAD2F7014E9A3BF00656553 /* UIKit.framework in Frameworks */,
				4CAD2F7214E9A3BF00656553 /* Foundation.framework in Frameworks */,
				4CAD2F7414E9A3BF00656553 /* CoreGraphics.framework in Frameworks */,
			);
			runOnlyForDeploymentPostprocessing = 0;
		};
/* End PBXFrameworksBuildPhase section */

/* Begin PBXGroup section */
		4C215CED1523A7D500D36CAD /* Frameworks */ = {
			isa = PBXGroup;
			children = (
				4C215CEE1523A7D500D36CAD /* Foundation.framework */,
			);
			name = Frameworks;
			sourceTree = "<group>";
		};
		4C34877014E9B79300301A09 /* Resources */ = {
			isa = PBXGroup;
			children = (
				4CBD02DC1523391200053E43 /* Icon-72.png */,
				4CBD02DD1523391200053E43 /* Icon.png */,
				4CBD02DE1523391200053E43 /* Icon@2x.png */,
				4C34877814EA699300301A09 /* dmxbeat.aiff */,
				4C34877114E9B7A400301A09 /* caitlin.caf */,
				4C34877214E9B7A400301A09 /* congaloop.caf */,
				4C34877A14EA841000301A09 /* lead.aif */,
				4C12E4D514ED0822002BF07A /* Factory Hall.wav */,
			);
			name = Resources;
			sourceTree = "<group>";
		};
		4C8A0F401540BBD700307CB6 /* Modules */ = {
			isa = PBXGroup;
			children = (
				4CA689C215446AAC00AF8DDD /* TPCircularBuffer */,
				4C8A0F3D1540BBD300307CB6 /* AEMixerBuffer.h */,
				4C8A0F3E1540BBD300307CB6 /* AEMixerBuffer.m */,
				4CA689B11541EF4A00AF8DDD /* AELimiter.h */,
				4CA689B21541EF4A00AF8DDD /* AELimiter.m */,
				4CA689BC1542D4FE00AF8DDD /* AELimiterFilter.h */,
				4CA689BD1542D4FE00AF8DDD /* AELimiterFilter.m */,
				4CA689C315447E3100AF8DDD /* AEExpanderFilter.h */,
				4CA689C415447E3100AF8DDD /* AEExpanderFilter.m */,
				4CA689BF1542DC8C00AF8DDD /* AEPlaythroughChannel.h */,
				4CA689C01542DC8C00AF8DDD /* AEPlaythroughChannel.m */,
				4C38DC501545840E009F4454 /* AERecorder.h */,
				4C38DC511545840E009F4454 /* AERecorder.m */,
			);
			name = Modules;
			sourceTree = "<group>";
		};
		4CA689C215446AAC00AF8DDD /* TPCircularBuffer */ = {
			isa = PBXGroup;
			children = (
				4CA689B61541F54200AF8DDD /* TPCircularBuffer.c */,
				4CA689B71541F54200AF8DDD /* TPCircularBuffer.h */,
				4CA689B81541F54200AF8DDD /* TPCircularBuffer+AudioBufferList.c */,
				4CA689B91541F54200AF8DDD /* TPCircularBuffer+AudioBufferList.h */,
			);
			name = TPCircularBuffer;
			sourceTree = "<group>";
		};
		4CAD2F6E14E9A3BF00656553 /* Frameworks */ = {
			isa = PBXGroup;
			children = (
				4C12E4E114ED0962002BF07A /* Accelerate.framework */,
				4C5C511E14EAA39D0012D39E /* QuartzCore.framework */,
				4C34874C14E9A7EB00301A09 /* AudioToolbox.framework */,
				4CAD2F6F14E9A3BF00656553 /* UIKit.framework */,
				4CAD2F7114E9A3BF00656553 /* Foundation.framework */,
				4CAD2F7314E9A3BF00656553 /* CoreGraphics.framework */,
			);
			name = Frameworks;
			path = ..;
			sourceTree = "<group>";
		};
		4CAD2F7514E9A3BF00656553 /* Test Suite */ = {
			isa = PBXGroup;
			children = (
				4CAD2F8E14E9A40000656553 /* TPAppDelegate.h */,
				4CAD2F8F14E9A40000656553 /* TPAppDelegate.m */,
				4CAD2F9014E9A40000656553 /* TPViewController.h */,
				4CAD2F9114E9A40000656553 /* TPViewController.m */,
				4C5C511814EA9D790012D39E /* TPOscilloscopeLayer.h */,
				4C5C511914EA9D790012D39E /* TPOscilloscopeLayer.m */,
				4C80195F14F919B00003EFB3 /* TPDoubleSpeedFilter.h */,
				4C80196014F919B00003EFB3 /* TPDoubleSpeedFilter.m */,
				4C34877014E9B79300301A09 /* Resources */,
				4CAD2F7614E9A3BF00656553 /* Supporting Files */,
				4CAD2F6E14E9A3BF00656553 /* Frameworks */,
			);
			path = "Test Suite";
			sourceTree = "<group>";
		};
		4CAD2F7614E9A3BF00656553 /* Supporting Files */ = {
			isa = PBXGroup;
			children = (
				4CAD2F9414E9A41200656553 /* Test Suite-Info.plist */,
				4CAD2F9514E9A41200656553 /* Test Suite-Prefix.pch */,
				4CAD2F9614E9A41200656553 /* main.m */,
			);
			name = "Supporting Files";
			sourceTree = "<group>";
		};
		4CE501811493F82600F23607 = {
			isa = PBXGroup;
			children = (
				4CE501911493F82600F23607 /* TheAmazingAudioEngine */,
				4C8A0F401540BBD700307CB6 /* Modules */,
				4CAD2F7514E9A3BF00656553 /* Test Suite */,
				4C215CED1523A7D500D36CAD /* Frameworks */,
				4CE501901493F82600F23607 /* Products */,
			);
			sourceTree = "<group>";
		};
		4CE501901493F82600F23607 /* Products */ = {
			isa = PBXGroup;
			children = (
				4CAD2F6C14E9A3BF00656553 /* Test Suite.app */,
				4C215CEC1523A7D500D36CAD /* libTheAmazingAudioEngine.a */,
				4C215CFD1523A83700D36CAD /* libTheAmazingAudioEngineTrial.a */,
			);
			name = Products;
			sourceTree = "<group>";
		};
		4CE501911493F82600F23607 /* TheAmazingAudioEngine */ = {
			isa = PBXGroup;
			children = (
				4CAD569315162822003CE861 /* TheAmazingAudioEngine.h */,
				4CAD56801516281D003CE861 /* AEAudioController.h */,
				4CAD56811516281D003CE861 /* AEAudioController.m */,
				4CAD56A915163488003CE861 /* AEAudioFilePlayer.h */,
				4CAD56AA15163488003CE861 /* AEAudioFilePlayer.m */,
				4C38DC5315458AB1009F4454 /* AEAudioFileWriter.h */,
				4C38DC5415458AB1009F4454 /* AEAudioFileWriter.m */,
				4C12CC98151D1EDA00562E2A /* AEUtilities.h */,
				4C12CC99151D1EDA00562E2A /* AEUtilities.c */,
				4CAD56841516281D003CE861 /* AETrialModeController.h */,
				4CAD56851516281D003CE861 /* AETrialModeController.m */,
				4C49FE30153DC21A008725E0 /* AEAudioFileLoaderOperation.h */,
				4C49FE31153DC21A008725E0 /* AEAudioFileLoaderOperation.m */,
				4C9D6E26151925A00043A340 /* TPCircularBuffer.c */,
				4C9D6E27151925A10043A340 /* TPCircularBuffer.h */,
				4CE501971493F82600F23607 /* TheAmazingAudioEngine-Prefix.pch */,
			);
			path = TheAmazingAudioEngine;
			sourceTree = "<group>";
		};
/* End PBXGroup section */

/* Begin PBXHeadersBuildPhase section */
		4C215CEA1523A7D500D36CAD /* Headers */ = {
			isa = PBXHeadersBuildPhase;
			buildActionMask = 2147483647;
			files = (
				4C215D121523A94200D36CAD /* TheAmazingAudioEngine.h in Headers */,
				4C215D131523A94200D36CAD /* AEAudioController.h in Headers */,
				4C49FE32153DC21A008725E0 /* AEAudioFileLoaderOperation.h in Headers */,
				4C215D141523A94200D36CAD /* AEAudioFilePlayer.h in Headers */,
				4C38DC5515458AB1009F4454 /* AEAudioFileWriter.h in Headers */,
				4C215D151523A94200D36CAD /* AEUtilities.h in Headers */,
			);
			runOnlyForDeploymentPostprocessing = 0;
		};
		4C215CFB1523A83700D36CAD /* Headers */ = {
			isa = PBXHeadersBuildPhase;
			buildActionMask = 2147483647;
			files = (
				4CA7EE81152456B200630345 /* TheAmazingAudioEngine.h in Headers */,
				4CA7EE82152456B200630345 /* AEAudioController.h in Headers */,
				4C49FE33153DC21A008725E0 /* AEAudioFileLoaderOperation.h in Headers */,
				4CA7EE83152456B200630345 /* AEAudioFilePlayer.h in Headers */,
				4C38DC5615458AB1009F4454 /* AEAudioFileWriter.h in Headers */,
				4CA7EE84152456B200630345 /* AEUtilities.h in Headers */,
			);
			runOnlyForDeploymentPostprocessing = 0;
		};
/* End PBXHeadersBuildPhase section */

/* Begin PBXNativeTarget section */
		4C215CEB1523A7D500D36CAD /* TheAmazingAudioEngine */ = {
			isa = PBXNativeTarget;
			buildConfigurationList = 4C215CF61523A7D600D36CAD /* Build configuration list for PBXNativeTarget "TheAmazingAudioEngine" */;
			buildPhases = (
				4C215CE81523A7D500D36CAD /* Sources */,
				4C215CE91523A7D500D36CAD /* Frameworks */,
				4C215CEA1523A7D500D36CAD /* Headers */,
				4CA7EE911524662000630345 /* ShellScript */,
			);
			buildRules = (
			);
			dependencies = (
			);
			name = TheAmazingAudioEngine;
			productName = TheAmazingAudioEngine;
			productReference = 4C215CEC1523A7D500D36CAD /* libTheAmazingAudioEngine.a */;
			productType = "com.apple.product-type.library.static";
		};
		4C215CFC1523A83700D36CAD /* TheAmazingAudioEngineTrial */ = {
			isa = PBXNativeTarget;
			buildConfigurationList = 4C215D051523A83700D36CAD /* Build configuration list for PBXNativeTarget "TheAmazingAudioEngineTrial" */;
			buildPhases = (
				4C215CF91523A83700D36CAD /* Sources */,
				4C215CFA1523A83700D36CAD /* Frameworks */,
				4C215CFB1523A83700D36CAD /* Headers */,
				4CA7EE931524681D00630345 /* ShellScript */,
			);
			buildRules = (
			);
			dependencies = (
			);
			name = TheAmazingAudioEngineTrial;
			productName = TheAmazingAudioEngineTrial;
			productReference = 4C215CFD1523A83700D36CAD /* libTheAmazingAudioEngineTrial.a */;
			productType = "com.apple.product-type.library.static";
		};
		4CAD2F6B14E9A3BF00656553 /* Test Suite */ = {
			isa = PBXNativeTarget;
			buildConfigurationList = 4CAD2F8C14E9A3BF00656553 /* Build configuration list for PBXNativeTarget "Test Suite" */;
			buildPhases = (
				4CAD2F6814E9A3BF00656553 /* Sources */,
				4CAD2F6914E9A3BF00656553 /* Frameworks */,
				4CAD2F6A14E9A3BF00656553 /* Resources */,
			);
			buildRules = (
			);
			dependencies = (
				4C215D171523A9F300D36CAD /* PBXTargetDependency */,
			);
			name = "Test Suite";
			productName = "Test Suite";
			productReference = 4CAD2F6C14E9A3BF00656553 /* Test Suite.app */;
			productType = "com.apple.product-type.application";
		};
/* End PBXNativeTarget section */

/* Begin PBXProject section */
		4CE501831493F82600F23607 /* Project object */ = {
			isa = PBXProject;
			attributes = {
				LastUpgradeCheck = 0430;
				ORGANIZATIONNAME = "A Tasty Pixel";
			};
			buildConfigurationList = 4CE501861493F82600F23607 /* Build configuration list for PBXProject "TheAmazingAudioEngine" */;
			compatibilityVersion = "Xcode 3.2";
			developmentRegion = English;
			hasScannedForEncodings = 0;
			knownRegions = (
				en,
			);
			mainGroup = 4CE501811493F82600F23607;
			productRefGroup = 4CE501901493F82600F23607 /* Products */;
			projectDirPath = "";
			projectRoot = "";
			targets = (
				4CAD2F6B14E9A3BF00656553 /* Test Suite */,
				4C215CEB1523A7D500D36CAD /* TheAmazingAudioEngine */,
				4C215CFC1523A83700D36CAD /* TheAmazingAudioEngineTrial */,
			);
		};
/* End PBXProject section */

/* Begin PBXResourcesBuildPhase section */
		4CAD2F6A14E9A3BF00656553 /* Resources */ = {
			isa = PBXResourcesBuildPhase;
			buildActionMask = 2147483647;
			files = (
				4C34877314E9B7A400301A09 /* caitlin.caf in Resources */,
				4C34877414E9B7A400301A09 /* congaloop.caf in Resources */,
				4C34877914EA699300301A09 /* dmxbeat.aiff in Resources */,
				4C34877B14EA841000301A09 /* lead.aif in Resources */,
				4C12E4D614ED0822002BF07A /* Factory Hall.wav in Resources */,
				4CBD02DF1523391200053E43 /* Icon-72.png in Resources */,
				4CBD02E01523391200053E43 /* Icon.png in Resources */,
				4CBD02E11523391200053E43 /* Icon@2x.png in Resources */,
			);
			runOnlyForDeploymentPostprocessing = 0;
		};
/* End PBXResourcesBuildPhase section */

/* Begin PBXShellScriptBuildPhase section */
		4CA7EE911524662000630345 /* ShellScript */ = {
			isa = PBXShellScriptBuildPhase;
			buildActionMask = 2147483647;
			files = (
			);
			inputPaths = (
			);
			outputPaths = (
			);
			runOnlyForDeploymentPostprocessing = 0;
			shellPath = /bin/sh;
			shellScript = "#\n# Universal static library script\n# http://github.com/michaeltyson/iOS-Universal-Library-Template\n#\n# Version 2.4\n# \n# Purpose:\n#   Create a static library for iPhone from within XCode\n#   Because Apple staff DELIBERATELY broke Xcode to make this impossible from the GUI (Xcode 3.2.3 specifically states this in the Release notes!)\n#   ...no, I don't understand why they did this!\n#\n# Author: Adam Martin - http://twitter.com/redglassesapps\n# Tweaked and made into an Xcode template by Michael Tyson - http://atastypixel.com/blog\n# Based on: original script from Eonil (main changes: Eonil's script WILL NOT WORK in Xcode GUI - it WILL CRASH YOUR COMPUTER)\n#\n# More info: see this Stack Overflow question: http://stackoverflow.com/questions/3520977/build-fat-static-library-device-simulator-using-xcode-and-sdk-4\n\n#################[ Tests: helps workaround any future bugs in Xcode ]########\n#\nDEBUG_THIS_SCRIPT=\"false\"\n\nif [ $DEBUG_THIS_SCRIPT = \"true\" ]\nthen\necho \"########### TESTS #############\"\necho \"Use the following variables when debugging this script; note that they may change on recursions\"\necho \"BUILD_DIR = $BUILD_DIR\"\necho \"BUILD_ROOT = $BUILD_ROOT\"\necho \"CONFIGURATION_BUILD_DIR = $CONFIGURATION_BUILD_DIR\"\necho \"BUILT_PRODUCTS_DIR = $BUILT_PRODUCTS_DIR\"\necho \"CONFIGURATION_TEMP_DIR = $CONFIGURATION_TEMP_DIR\"\necho \"TARGET_BUILD_DIR = $TARGET_BUILD_DIR\"\nfi\n\nif [ \"true\" == ${ALREADYINVOKED:-false} ]\nthen\n# This is the other build, called from the original instance\nexit 0\nfi\n\n\n# Find the BASESDK version number\nSDK_VERSION=$(echo ${SDK_NAME} | grep -o '.\\{3\\}$')\n\n# Next, work out if we're in SIM or DEVICE\nif [ ${PLATFORM_NAME} = \"iphonesimulator\" ]\nthen\nOTHER_SDK_TO_BUILD=iphoneos${SDK_VERSION}\nelse\nOTHER_SDK_TO_BUILD=iphonesimulator${SDK_VERSION}\nfi\n\necho \"XCode has selected SDK: ${PLATFORM_NAME} with version: ${SDK_VERSION} (although back-targetting: ${IPHONEOS_DEPLOYMENT_TARGET})\"\necho \"...therefore, OTHER_SDK_TO_BUILD = ${OTHER_SDK_TO_BUILD}\"\n\n# Build the other architecture\necho \"xcodebuild -configuration \\\"${CONFIGURATION}\\\" -target \\\"${TARGET_NAME}\\\" -sdk \\\"${OTHER_SDK_TO_BUILD}\\\" ${ACTION} RUN_CLANG_STATIC_ANALYZER=NO\"\nxcodebuild -project \"${PROJECT_FILE_PATH}\" -configuration \"${CONFIGURATION}\" -target \"${TARGET_NAME}\" -sdk \"${OTHER_SDK_TO_BUILD}\" ${ACTION} RUN_CLANG_STATIC_ANALYZER=NO BUILD_DIR=\"${BUILD_DIR}\" BUILD_ROOT=\"${BUILD_ROOT}\" ALREADYINVOKED=\"true\"\n\n# Merge built architectures\nCURRENTCONFIG_DEVICE_DIR=\"${SYMROOT}/${CONFIGURATION}-iphoneos\"\nCURRENTCONFIG_SIMULATOR_DIR=\"${SYMROOT}/${CONFIGURATION}-iphonesimulator\"\nCURRENTCONFIG_UNIVERSAL_DIR=\"${SYMROOT}/${CONFIGURATION}-universal\"\n\necho \"Taking device build from: ${CURRENTCONFIG_DEVICE_DIR}\"\necho \"Taking simulator build from: ${CURRENTCONFIG_SIMULATOR_DIR}\"\necho \"...I will output a universal build to: ${CURRENTCONFIG_UNIVERSAL_DIR}\"\n\nif [ ! -e \"${CURRENTCONFIG_UNIVERSAL_DIR}/${EXECUTABLE_NAME}\" -o \\\n\"${CURRENTCONFIG_DEVICE_DIR}/${EXECUTABLE_NAME}\" -nt \"${CURRENTCONFIG_UNIVERSAL_DIR}/${EXECUTABLE_NAME}\" -o \\\n\"${CURRENTCONFIG_SIMULATOR_DIR}/${EXECUTABLE_NAME}\" -nt \"${CURRENTCONFIG_UNIVERSAL_DIR}/${EXECUTABLE_NAME}\" ]\nthen\nmkdir -p \"${CURRENTCONFIG_UNIVERSAL_DIR}\"\nrm -f \"${CURRENTCONFIG_UNIVERSAL_DIR}/${EXECUTABLE_NAME}\"\n\necho \"lipo: for current configuration (${CONFIGURATION}) creating output file: ${CURRENTCONFIG_UNIVERSAL_DIR}/${EXECUTABLE_NAME}\"\nlipo -create -output \"${CURRENTCONFIG_UNIVERSAL_DIR}/${EXECUTABLE_NAME}\" \"${CURRENTCONFIG_DEVICE_DIR}/${EXECUTABLE_NAME}\" \"${CURRENTCONFIG_SIMULATOR_DIR}/${EXECUTABLE_NAME}\"\n\necho \"Copying universal build back over to ${CURRENTCONFIG_DEVICE_DIR} and ${CURRENTCONFIG_SIMULATOR_DIR}\"\ncp \"${CURRENTCONFIG_UNIVERSAL_DIR}/${EXECUTABLE_NAME}\" \"${CURRENTCONFIG_DEVICE_DIR}/${EXECUTABLE_NAME}\"\ncp \"${CURRENTCONFIG_UNIVERSAL_DIR}/${EXECUTABLE_NAME}\" \"${CURRENTCONFIG_SIMULATOR_DIR}/${EXECUTABLE_NAME}\"\ntouch \"${CURRENTCONFIG_UNIVERSAL_DIR}/${EXECUTABLE_NAME}\"\n\n# Also copy public headers\nif [ -d \"${CURRENTCONFIG_DEVICE_DIR}/${PUBLIC_HEADERS_FOLDER_PATH}\" ]\nthen\nmkdir -p \"${CURRENTCONFIG_UNIVERSAL_DIR}/${PUBLIC_HEADERS_FOLDER_PATH}\"\ncp \"${CURRENTCONFIG_DEVICE_DIR}/${PUBLIC_HEADERS_FOLDER_PATH}/\"* \"${CURRENTCONFIG_UNIVERSAL_DIR}/${PUBLIC_HEADERS_FOLDER_PATH}\"\nfi\nelse\necho \"Everything up to date.\"\nfi\n";
		};
		4CA7EE931524681D00630345 /* ShellScript */ = {
			isa = PBXShellScriptBuildPhase;
			buildActionMask = 2147483647;
			files = (
			);
			inputPaths = (
			);
			outputPaths = (
			);
			runOnlyForDeploymentPostprocessing = 0;
			shellPath = /bin/sh;
			shellScript = "#\n# Universal static library script\n# http://github.com/michaeltyson/iOS-Universal-Library-Template\n#\n# Version 2.4\n# \n# Purpose:\n#   Create a static library for iPhone from within XCode\n#   Because Apple staff DELIBERATELY broke Xcode to make this impossible from the GUI (Xcode 3.2.3 specifically states this in the Release notes!)\n#   ...no, I don't understand why they did this!\n#\n# Author: Adam Martin - http://twitter.com/redglassesapps\n# Tweaked and made into an Xcode template by Michael Tyson - http://atastypixel.com/blog\n# Based on: original script from Eonil (main changes: Eonil's script WILL NOT WORK in Xcode GUI - it WILL CRASH YOUR COMPUTER)\n#\n# More info: see this Stack Overflow question: http://stackoverflow.com/questions/3520977/build-fat-static-library-device-simulator-using-xcode-and-sdk-4\n\n#################[ Tests: helps workaround any future bugs in Xcode ]########\n#\nDEBUG_THIS_SCRIPT=\"false\"\n\nif [ $DEBUG_THIS_SCRIPT = \"true\" ]\nthen\necho \"########### TESTS #############\"\necho \"Use the following variables when debugging this script; note that they may change on recursions\"\necho \"BUILD_DIR = $BUILD_DIR\"\necho \"BUILD_ROOT = $BUILD_ROOT\"\necho \"CONFIGURATION_BUILD_DIR = $CONFIGURATION_BUILD_DIR\"\necho \"BUILT_PRODUCTS_DIR = $BUILT_PRODUCTS_DIR\"\necho \"CONFIGURATION_TEMP_DIR = $CONFIGURATION_TEMP_DIR\"\necho \"TARGET_BUILD_DIR = $TARGET_BUILD_DIR\"\nfi\n\nif [ \"true\" == ${ALREADYINVOKED:-false} ]\nthen\n# This is the other build, called from the original instance\nexit 0\nfi\n\n\n# Find the BASESDK version number\nSDK_VERSION=$(echo ${SDK_NAME} | grep -o '.\\{3\\}$')\n\n# Next, work out if we're in SIM or DEVICE\nif [ ${PLATFORM_NAME} = \"iphonesimulator\" ]\nthen\nOTHER_SDK_TO_BUILD=iphoneos${SDK_VERSION}\nelse\nOTHER_SDK_TO_BUILD=iphonesimulator${SDK_VERSION}\nfi\n\necho \"XCode has selected SDK: ${PLATFORM_NAME} with version: ${SDK_VERSION} (although back-targetting: ${IPHONEOS_DEPLOYMENT_TARGET})\"\necho \"...therefore, OTHER_SDK_TO_BUILD = ${OTHER_SDK_TO_BUILD}\"\n\n# Build the other architecture\necho \"xcodebuild -configuration \\\"${CONFIGURATION}\\\" -target \\\"${TARGET_NAME}\\\" -sdk \\\"${OTHER_SDK_TO_BUILD}\\\" ${ACTION} RUN_CLANG_STATIC_ANALYZER=NO\"\nxcodebuild -project \"${PROJECT_FILE_PATH}\" -configuration \"${CONFIGURATION}\" -target \"${TARGET_NAME}\" -sdk \"${OTHER_SDK_TO_BUILD}\" ${ACTION} RUN_CLANG_STATIC_ANALYZER=NO BUILD_DIR=\"${BUILD_DIR}\" BUILD_ROOT=\"${BUILD_ROOT}\" ALREADYINVOKED=\"true\"\n\n# Merge built architectures\nCURRENTCONFIG_DEVICE_DIR=\"${SYMROOT}/${CONFIGURATION}-iphoneos\"\nCURRENTCONFIG_SIMULATOR_DIR=\"${SYMROOT}/${CONFIGURATION}-iphonesimulator\"\nCURRENTCONFIG_UNIVERSAL_DIR=\"${SYMROOT}/${CONFIGURATION}-universal\"\n\necho \"Taking device build from: ${CURRENTCONFIG_DEVICE_DIR}\"\necho \"Taking simulator build from: ${CURRENTCONFIG_SIMULATOR_DIR}\"\necho \"...I will output a universal build to: ${CURRENTCONFIG_UNIVERSAL_DIR}\"\n\nif [ ! -e \"${CURRENTCONFIG_UNIVERSAL_DIR}/${EXECUTABLE_NAME}\" -o \\\n\"${CURRENTCONFIG_DEVICE_DIR}/${EXECUTABLE_NAME}\" -nt \"${CURRENTCONFIG_UNIVERSAL_DIR}/${EXECUTABLE_NAME}\" -o \\\n\"${CURRENTCONFIG_SIMULATOR_DIR}/${EXECUTABLE_NAME}\" -nt \"${CURRENTCONFIG_UNIVERSAL_DIR}/${EXECUTABLE_NAME}\" ]\nthen\nmkdir -p \"${CURRENTCONFIG_UNIVERSAL_DIR}\"\nrm -f \"${CURRENTCONFIG_UNIVERSAL_DIR}/${EXECUTABLE_NAME}\"\n\necho \"lipo: for current configuration (${CONFIGURATION}) creating output file: ${CURRENTCONFIG_UNIVERSAL_DIR}/${EXECUTABLE_NAME}\"\nlipo -create -output \"${CURRENTCONFIG_UNIVERSAL_DIR}/${EXECUTABLE_NAME}\" \"${CURRENTCONFIG_DEVICE_DIR}/${EXECUTABLE_NAME}\" \"${CURRENTCONFIG_SIMULATOR_DIR}/${EXECUTABLE_NAME}\"\n\necho \"Copying universal build back over to ${CURRENTCONFIG_DEVICE_DIR} and ${CURRENTCONFIG_SIMULATOR_DIR}\"\ncp \"${CURRENTCONFIG_UNIVERSAL_DIR}/${EXECUTABLE_NAME}\" \"${CURRENTCONFIG_DEVICE_DIR}/${EXECUTABLE_NAME}\"\ncp \"${CURRENTCONFIG_UNIVERSAL_DIR}/${EXECUTABLE_NAME}\" \"${CURRENTCONFIG_SIMULATOR_DIR}/${EXECUTABLE_NAME}\"\ntouch \"${CURRENTCONFIG_UNIVERSAL_DIR}/${EXECUTABLE_NAME}\"\n\n# Also copy public headers\nif [ -d \"${CURRENTCONFIG_DEVICE_DIR}/${PUBLIC_HEADERS_FOLDER_PATH}\" ]\nthen\nmkdir -p \"${CURRENTCONFIG_UNIVERSAL_DIR}/${PUBLIC_HEADERS_FOLDER_PATH}\"\ncp \"${CURRENTCONFIG_DEVICE_DIR}/${PUBLIC_HEADERS_FOLDER_PATH}/\"* \"${CURRENTCONFIG_UNIVERSAL_DIR}/${PUBLIC_HEADERS_FOLDER_PATH}\"\nfi\nelse\necho \"Everything up to date.\"\nfi\n";
		};
/* End PBXShellScriptBuildPhase section */

/* Begin PBXSourcesBuildPhase section */
		4C215CE81523A7D500D36CAD /* Sources */ = {
			isa = PBXSourcesBuildPhase;
			buildActionMask = 2147483647;
			files = (
				4C215D081523A8E500D36CAD /* AEAudioController.m in Sources */,
				4C215D091523A8E500D36CAD /* AEAudioFilePlayer.m in Sources */,
				4C215D0A1523A8E500D36CAD /* AEUtilities.c in Sources */,
				4C215D0C1523A8E500D36CAD /* TPCircularBuffer.c in Sources */,
				4C49FE34153DC21A008725E0 /* AEAudioFileLoaderOperation.m in Sources */,
				4C38DC5715458AB1009F4454 /* AEAudioFileWriter.m in Sources */,
			);
			runOnlyForDeploymentPostprocessing = 0;
		};
		4C215CF91523A83700D36CAD /* Sources */ = {
			isa = PBXSourcesBuildPhase;
			buildActionMask = 2147483647;
			files = (
				4C215D0D1523A8E600D36CAD /* AEAudioController.m in Sources */,
				4C215D0E1523A8E600D36CAD /* AEAudioFilePlayer.m in Sources */,
				4C215D0F1523A8E600D36CAD /* AEUtilities.c in Sources */,
				4C215D101523A8E600D36CAD /* AETrialModeController.m in Sources */,
				4C215D111523A8E600D36CAD /* TPCircularBuffer.c in Sources */,
				4C49FE35153DC21A008725E0 /* AEAudioFileLoaderOperation.m in Sources */,
				4C38DC5815458AB1009F4454 /* AEAudioFileWriter.m in Sources */,
			);
			runOnlyForDeploymentPostprocessing = 0;
		};
		4CAD2F6814E9A3BF00656553 /* Sources */ = {
			isa = PBXSourcesBuildPhase;
			buildActionMask = 2147483647;
			files = (
				4CAD2F9214E9A40000656553 /* TPAppDelegate.m in Sources */,
				4CAD2F9314E9A40000656553 /* TPViewController.m in Sources */,
				4CAD2F9814E9A41200656553 /* main.m in Sources */,
				4C5C511C14EA9D790012D39E /* TPOscilloscopeLayer.m in Sources */,
				4C80196114F919B00003EFB3 /* TPDoubleSpeedFilter.m in Sources */,
				4CA689B41541F05A00AF8DDD /* AEMixerBuffer.m in Sources */,
				4CA689B51541F05D00AF8DDD /* AELimiter.m in Sources */,
				4CA689BA1541F54200AF8DDD /* TPCircularBuffer.c in Sources */,
				4CA689BB1541F54200AF8DDD /* TPCircularBuffer+AudioBufferList.c in Sources */,
				4CA689BE1542D4FE00AF8DDD /* AELimiterFilter.m in Sources */,
				4CA689C11542DC8C00AF8DDD /* AEPlaythroughChannel.m in Sources */,
				4CA689C515447E3100AF8DDD /* AEExpanderFilter.m in Sources */,
				4C38DC521545840E009F4454 /* AERecorder.m in Sources */,
			);
			runOnlyForDeploymentPostprocessing = 0;
		};
/* End PBXSourcesBuildPhase section */

/* Begin PBXTargetDependency section */
		4C215D171523A9F300D36CAD /* PBXTargetDependency */ = {
			isa = PBXTargetDependency;
			target = 4C215CEB1523A7D500D36CAD /* TheAmazingAudioEngine */;
			targetProxy = 4C215D161523A9F300D36CAD /* PBXContainerItemProxy */;
		};
/* End PBXTargetDependency section */

/* Begin XCBuildConfiguration section */
		4C215CF71523A7D600D36CAD /* Debug */ = {
			isa = XCBuildConfiguration;
			buildSettings = {
				DSTROOT = /tmp/TheAmazingAudioEngine.dst;
				GCC_PRECOMPILE_PREFIX_HEADER = YES;
				GCC_PREFIX_HEADER = "TheAmazingAudioEngine/TheAmazingAudioEngine-Prefix.pch";
				GCC_WARN_UNINITIALIZED_AUTOS = YES;
				OTHER_CFLAGS = (
					"-DTPCircularBuffer=AECB",
					"-DTPCircularBufferInit=AECBInit",
					"-DTPCircularBufferCleanup=AECBClean",
					"-DTPCircularBufferClear=AECBClear",
					"-DTPCircularBufferTail=AECBTail",
					"-DTPCircularBufferConsume=AECBConsume",
					"-DTPCircularBufferHead=AECBHead",
					"-DTPCircularBufferProduce=AECBProduce",
					"-DTPCircularBufferProduceBytes=AECBProduceBytes",
					"-DTPCircularBufferPrepareEmptyAudioBufferList=AECBPrepareEmptyBL",
					"-DTPCircularBufferProduceAudioBufferList=AECBProduceBL",
					"-DTPCircularBufferCopyAudioBufferList=AECBCopyBL",
					"-DTPCircularBufferNextBufferList=AECBNextBL",
					"-DTPCircularBufferNextBufferListAfter=AECBNextBLAfter",
					"-DTPCircularBufferConsumeNextBufferList=AECBConsumeBL",
					"-DTPCircularBufferConsumeNextBufferListPartial=AECBConsumeBLPartial",
					"-DTPCircularBufferConsumeBufferListFrames=AECBConsumeBLFrames",
					"-DTPCircularBufferPeek=AECBPeek",
				);
				OTHER_LDFLAGS = "-ObjC";
				PRODUCT_NAME = "$(TARGET_NAME)";
				PUBLIC_HEADERS_FOLDER_PATH = "$(TARGET_NAME)";
				SKIP_INSTALL = YES;
			};
			name = Debug;
		};
		4C215CF81523A7D600D36CAD /* Release */ = {
			isa = XCBuildConfiguration;
			buildSettings = {
				DSTROOT = /tmp/TheAmazingAudioEngine.dst;
				GCC_PRECOMPILE_PREFIX_HEADER = YES;
				GCC_PREFIX_HEADER = "TheAmazingAudioEngine/TheAmazingAudioEngine-Prefix.pch";
				GCC_WARN_UNINITIALIZED_AUTOS = YES;
				OTHER_CFLAGS = (
					"-DTPCircularBuffer=AECB",
					"-DTPCircularBufferInit=AECBInit",
					"-DTPCircularBufferCleanup=AECBClean",
					"-DTPCircularBufferClear=AECBClear",
					"-DTPCircularBufferTail=AECBTail",
					"-DTPCircularBufferConsume=AECBConsume",
					"-DTPCircularBufferHead=AECBHead",
					"-DTPCircularBufferProduce=AECBProduce",
					"-DTPCircularBufferProduceBytes=AECBProduceBytes",
					"-DTPCircularBufferPrepareEmptyAudioBufferList=AECBPrepareEmptyBL",
					"-DTPCircularBufferProduceAudioBufferList=AECBProduceBL",
					"-DTPCircularBufferCopyAudioBufferList=AECBCopyBL",
					"-DTPCircularBufferNextBufferList=AECBNextBL",
					"-DTPCircularBufferNextBufferListAfter=AECBNextBLAfter",
					"-DTPCircularBufferConsumeNextBufferList=AECBConsumeBL",
					"-DTPCircularBufferConsumeNextBufferListPartial=AECBConsumeBLPartial",
					"-DTPCircularBufferConsumeBufferListFrames=AECBConsumeBLFrames",
					"-DTPCircularBufferPeek=AECBPeek",
				);
				OTHER_LDFLAGS = "-ObjC";
				PRODUCT_NAME = "$(TARGET_NAME)";
				PUBLIC_HEADERS_FOLDER_PATH = "$(TARGET_NAME)";
				SKIP_INSTALL = YES;
			};
			name = Release;
		};
		4C215D061523A83700D36CAD /* Debug */ = {
			isa = XCBuildConfiguration;
			buildSettings = {
				DSTROOT = /tmp/TheAmazingAudioEngineTrial.dst;
				GCC_PRECOMPILE_PREFIX_HEADER = YES;
				GCC_PREFIX_HEADER = "TheAmazingAudioEngine/TheAmazingAudioEngine-Prefix.pch";
				GCC_PREPROCESSOR_DEFINITIONS = (
					"TRIAL=1",
					"$(inherited)",
				);
				GCC_WARN_UNINITIALIZED_AUTOS = YES;
				OTHER_CFLAGS = (
					"-DTPCircularBuffer=AECB",
					"-DTPCircularBufferInit=AECBInit",
					"-DTPCircularBufferCleanup=AECBClean",
					"-DTPCircularBufferClear=AECBClear",
					"-DTPCircularBufferTail=AECBTail",
					"-DTPCircularBufferConsume=AECBConsume",
					"-DTPCircularBufferHead=AECBHead",
					"-DTPCircularBufferProduce=AECBProduce",
					"-DTPCircularBufferProduceBytes=AECBProduceBytes",
					"-DTPCircularBufferPrepareEmptyAudioBufferList=AECBPrepareEmptyBL",
					"-DTPCircularBufferProduceAudioBufferList=AECBProduceBL",
					"-DTPCircularBufferCopyAudioBufferList=AECBCopyBL",
					"-DTPCircularBufferNextBufferList=AECBNextBL",
					"-DTPCircularBufferNextBufferListAfter=AECBNextBLAfter",
					"-DTPCircularBufferConsumeNextBufferList=AECBConsumeBL",
					"-DTPCircularBufferConsumeNextBufferListPartial=AECBConsumeBLPartial",
					"-DTPCircularBufferConsumeBufferListFrames=AECBConsumeBLFrames",
					"-DTPCircularBufferPeek=AECBPeek",
				);
				OTHER_LDFLAGS = "-ObjC";
				PRODUCT_NAME = "$(TARGET_NAME)";
				PUBLIC_HEADERS_FOLDER_PATH = "$(TARGET_NAME)";
				SKIP_INSTALL = YES;
			};
			name = Debug;
		};
		4C215D071523A83700D36CAD /* Release */ = {
			isa = XCBuildConfiguration;
			buildSettings = {
				DSTROOT = /tmp/TheAmazingAudioEngineTrial.dst;
				GCC_PRECOMPILE_PREFIX_HEADER = YES;
				GCC_PREFIX_HEADER = "TheAmazingAudioEngine/TheAmazingAudioEngine-Prefix.pch";
				GCC_PREPROCESSOR_DEFINITIONS = (
					"TRIAL=1",
					"$(inherited)",
				);
				GCC_WARN_UNINITIALIZED_AUTOS = YES;
				OTHER_CFLAGS = (
					"-DTPCircularBuffer=AECB",
					"-DTPCircularBufferInit=AECBInit",
					"-DTPCircularBufferCleanup=AECBClean",
					"-DTPCircularBufferClear=AECBClear",
					"-DTPCircularBufferTail=AECBTail",
					"-DTPCircularBufferConsume=AECBConsume",
					"-DTPCircularBufferHead=AECBHead",
					"-DTPCircularBufferProduce=AECBProduce",
					"-DTPCircularBufferProduceBytes=AECBProduceBytes",
					"-DTPCircularBufferPrepareEmptyAudioBufferList=AECBPrepareEmptyBL",
					"-DTPCircularBufferProduceAudioBufferList=AECBProduceBL",
					"-DTPCircularBufferCopyAudioBufferList=AECBCopyBL",
					"-DTPCircularBufferNextBufferList=AECBNextBL",
					"-DTPCircularBufferNextBufferListAfter=AECBNextBLAfter",
					"-DTPCircularBufferConsumeNextBufferList=AECBConsumeBL",
					"-DTPCircularBufferConsumeNextBufferListPartial=AECBConsumeBLPartial",
					"-DTPCircularBufferConsumeBufferListFrames=AECBConsumeBLFrames",
					"-DTPCircularBufferPeek=AECBPeek",
				);
				OTHER_LDFLAGS = "-ObjC";
				PRODUCT_NAME = "$(TARGET_NAME)";
				PUBLIC_HEADERS_FOLDER_PATH = "$(TARGET_NAME)";
				SKIP_INSTALL = YES;
			};
			name = Release;
		};
		4CAD2F8A14E9A3BF00656553 /* Debug */ = {
			isa = XCBuildConfiguration;
			buildSettings = {
				ARCHS = (
					"$(ARCHS_STANDARD_32_BIT)",
					armv6,
				);
				"CODE_SIGN_IDENTITY[sdk=iphoneos*]" = "iPhone Developer";
				GCC_PRECOMPILE_PREFIX_HEADER = YES;
				GCC_PREFIX_HEADER = "TheAmazingAudioEngine/Test Suite/Test Suite-Prefix.pch";
				INFOPLIST_FILE = "TheAmazingAudioEngine/Test Suite/Test Suite-Info.plist";
				PRODUCT_NAME = "$(TARGET_NAME)";
				TARGETED_DEVICE_FAMILY = "1,2";
				WRAPPER_EXTENSION = app;
			};
			name = Debug;
		};
		4CAD2F8B14E9A3BF00656553 /* Release */ = {
			isa = XCBuildConfiguration;
			buildSettings = {
				ARCHS = (
					"$(ARCHS_STANDARD_32_BIT)",
					armv6,
				);
				"CODE_SIGN_IDENTITY[sdk=iphoneos*]" = "iPhone Distribution";
				GCC_PRECOMPILE_PREFIX_HEADER = YES;
				GCC_PREFIX_HEADER = "TheAmazingAudioEngine/Test Suite/Test Suite-Prefix.pch";
				INFOPLIST_FILE = "TheAmazingAudioEngine/Test Suite/Test Suite-Info.plist";
				OTHER_CFLAGS = "-DNS_BLOCK_ASSERTIONS=1";
				PRODUCT_NAME = "$(TARGET_NAME)";
				"PROVISIONING_PROFILE[sdk=iphoneos*]" = "";
				TARGETED_DEVICE_FAMILY = "1,2";
				WRAPPER_EXTENSION = app;
			};
			name = Release;
		};
		4CE501981493F82600F23607 /* Debug */ = {
			isa = XCBuildConfiguration;
			buildSettings = {
				ALWAYS_SEARCH_USER_PATHS = NO;
				ARCHS = (
					"$(ARCHS_STANDARD_32_BIT)",
					armv6,
				);
				COPY_PHASE_STRIP = NO;
				GCC_C_LANGUAGE_STANDARD = gnu99;
				GCC_DYNAMIC_NO_PIC = NO;
				GCC_OPTIMIZATION_LEVEL = 0;
				GCC_PREPROCESSOR_DEFINITIONS = (
					"DEBUG=1",
					"$(inherited)",
				);
				GCC_SYMBOLS_PRIVATE_EXTERN = NO;
				GCC_THUMB_SUPPORT = NO;
				GCC_VERSION = com.apple.compilers.llvm.clang.1_0;
				GCC_WARN_ABOUT_MISSING_PROTOTYPES = YES;
				GCC_WARN_ABOUT_RETURN_TYPE = YES;
				GCC_WARN_UNUSED_VARIABLE = YES;
				IPHONEOS_DEPLOYMENT_TARGET = 4.0;
				SDKROOT = iphoneos;
			};
			name = Debug;
		};
		4CE501991493F82600F23607 /* Release */ = {
			isa = XCBuildConfiguration;
			buildSettings = {
				ALWAYS_SEARCH_USER_PATHS = NO;
				ARCHS = (
					"$(ARCHS_STANDARD_32_BIT)",
					armv6,
				);
				COPY_PHASE_STRIP = YES;
				GCC_C_LANGUAGE_STANDARD = gnu99;
				GCC_THUMB_SUPPORT = NO;
				GCC_VERSION = com.apple.compilers.llvm.clang.1_0;
				GCC_WARN_ABOUT_MISSING_PROTOTYPES = YES;
				GCC_WARN_ABOUT_RETURN_TYPE = YES;
				GCC_WARN_UNUSED_VARIABLE = YES;
				IPHONEOS_DEPLOYMENT_TARGET = 4.0;
				SDKROOT = iphoneos;
				VALIDATE_PRODUCT = YES;
			};
			name = Release;
		};
/* End XCBuildConfiguration section */

/* Begin XCConfigurationList section */
		4C215CF61523A7D600D36CAD /* Build configuration list for PBXNativeTarget "TheAmazingAudioEngine" */ = {
			isa = XCConfigurationList;
			buildConfigurations = (
				4C215CF71523A7D600D36CAD /* Debug */,
				4C215CF81523A7D600D36CAD /* Release */,
			);
			defaultConfigurationIsVisible = 0;
			defaultConfigurationName = Release;
		};
		4C215D051523A83700D36CAD /* Build configuration list for PBXNativeTarget "TheAmazingAudioEngineTrial" */ = {
			isa = XCConfigurationList;
			buildConfigurations = (
				4C215D061523A83700D36CAD /* Debug */,
				4C215D071523A83700D36CAD /* Release */,
			);
			defaultConfigurationIsVisible = 0;
			defaultConfigurationName = Release;
		};
		4CAD2F8C14E9A3BF00656553 /* Build configuration list for PBXNativeTarget "Test Suite" */ = {
			isa = XCConfigurationList;
			buildConfigurations = (
				4CAD2F8A14E9A3BF00656553 /* Debug */,
				4CAD2F8B14E9A3BF00656553 /* Release */,
			);
			defaultConfigurationIsVisible = 0;
			defaultConfigurationName = Release;
		};
		4CE501861493F82600F23607 /* Build configuration list for PBXProject "TheAmazingAudioEngine" */ = {
			isa = XCConfigurationList;
			buildConfigurations = (
				4CE501981493F82600F23607 /* Debug */,
				4CE501991493F82600F23607 /* Release */,
			);
			defaultConfigurationIsVisible = 0;
			defaultConfigurationName = Release;
		};
/* End XCConfigurationList section */
	};
	rootObject = 4CE501831493F82600F23607 /* Project object */;
}
